
Microsoft Visual Studio Solution File, Format Version 12.00
# Visual Studio Version 17
VisualStudioVersion = 17.4.33205.214
MinimumVisualStudioVersion = 10.0.40219.1
Project("{FAE04EC0-301F-11D3-BF4B-00C04F79EFBC}") = "ClassTask10_01", "ClassTask10_01\ClassTask10_01.csproj", "{0C2BDB2D-A1D8-4096-8AF0-B5FC6CE31402}"
EndProject
Global
	GlobalSection(SolutionConfigurationPlatforms) = preSolution
		Debug|Any CPU = Debug|Any CPU
		Release|Any CPU = Release|Any CPU
	EndGlobalSection
	GlobalSection(ProjectConfigurationPlatforms) = postSolution
		{0C2BDB2D-A1D8-4096-8AF0-B5FC6CE31402}.Debug|Any CPU.ActiveCfg = Debug|Any CPU
		{0C2BDB2D-A1D8-4096-8AF0-B5FC6CE31402}.Debug|Any CPU.Build.0 = Debug|Any CPU
		{0C2BDB2D-A1D8-4096-8AF0-B5FC6CE31402}.Release|Any CPU.ActiveCfg = Release|Any CPU
		{0C2BDB2D-A1D8-4096-8AF0-B5FC6CE31402}.Release|Any CPU.Build.0 = Release|Any CPU
	EndGlobalSection
	GlobalSection(SolutionProperties) = preSolution
		HideSolutionNode = FALSE
	EndGlobalSection
	GlobalSection(ExtensibilityGlobals) = postSolution
		SolutionGuid = {A11C619A-FD52-4CC9-9BED-355BFDC9F427}
	EndGlobalSection
EndGlobal
